
Microsoft Visual Studio Solution File, Format Version 12.00
# Visual Studio Version 17
VisualStudioVersion = 17.14.36804.6
MinimumVisualStudioVersion = 10.0.40219.1
Project("{FAE04EC0-301F-11D3-BF4B-00C04F79EFBC}") = "POO-Class-Person-Example", "POO-Class-Pessoa-Example\POO-Class-Person-Example.csproj", "{532CDD08-B6DA-70A8-70DE-62A1DFAFA5DA}"
EndProject
Project("{FAE04EC0-301F-11D3-BF4B-00C04F79EFBC}") = "POO-Class-Triangle-Example", "POO-Class-Triangulo-Example\POO-Class-Triangle-Example.csproj", "{4CCD9F31-E6A7-E2F6-34CC-081C3B13930B}"
EndProject
Project("{FAE04EC0-301F-11D3-BF4B-00C04F79EFBC}") = "POO-Class-Employee-Example", "POO-Class-Employee-Example\POO-Class-Employee-Example.csproj", "{129FD9BB-BA66-494B-8551-53F74DDD867E}"
EndProject
Global
	GlobalSection(SolutionConfigurationPlatforms) = preSolution
		Debug|Any CPU = Debug|Any CPU
		Release|Any CPU = Release|Any CPU
	EndGlobalSection
	GlobalSection(ProjectConfigurationPlatforms) = postSolution
		{532CDD08-B6DA-70A8-70DE-62A1DFAFA5DA}.Debug|Any CPU.ActiveCfg = Debug|Any CPU
		{532CDD08-B6DA-70A8-70DE-62A1DFAFA5DA}.Debug|Any CPU.Build.0 = Debug|Any CPU
		{532CDD08-B6DA-70A8-70DE-62A1DFAFA5DA}.Release|Any CPU.ActiveCfg = Release|Any CPU
		{532CDD08-B6DA-70A8-70DE-62A1DFAFA5DA}.Release|Any CPU.Build.0 = Release|Any CPU
		{4CCD9F31-E6A7-E2F6-34CC-081C3B13930B}.Debug|Any CPU.ActiveCfg = Debug|Any CPU
		{4CCD9F31-E6A7-E2F6-34CC-081C3B13930B}.Debug|Any CPU.Build.0 = Debug|Any CPU
		{4CCD9F31-E6A7-E2F6-34CC-081C3B13930B}.Release|Any CPU.ActiveCfg = Release|Any CPU
		{4CCD9F31-E6A7-E2F6-34CC-081C3B13930B}.Release|Any CPU.Build.0 = Release|Any CPU
		{129FD9BB-BA66-494B-8551-53F74DDD867E}.Debug|Any CPU.ActiveCfg = Debug|Any CPU
		{129FD9BB-BA66-494B-8551-53F74DDD867E}.Debug|Any CPU.Build.0 = Debug|Any CPU
		{129FD9BB-BA66-494B-8551-53F74DDD867E}.Release|Any CPU.ActiveCfg = Release|Any CPU
		{129FD9BB-BA66-494B-8551-53F74DDD867E}.Release|Any CPU.Build.0 = Release|Any CPU
	EndGlobalSection
	GlobalSection(SolutionProperties) = preSolution
		HideSolutionNode = FALSE
	EndGlobalSection
	GlobalSection(ExtensibilityGlobals) = postSolution
		SolutionGuid = {E20E0484-5B6D-4E14-A630-AF7F28AE22B7}
	EndGlobalSection
EndGlobal
